{
    "_meta": {
        "hash": {
            "sha256": "4c471f0790df210272800c0ffece3962cfb1a67978eebdf4fe58103164a31710"
        },
        "pipfile-spec": 6,
        "requires": {
            "python_version": "3.11"
        },
        "sources": [
            {
                "name": "pypi",
                "url": "https://pypi.org/simple",
                "verify_ssl": true
            }
        ]
    },
    "default": {
        "chardet": {
            "hashes": [
                "sha256:1b3b6ff479a8c414bc3fa2c0852995695c4a026dcd6d0633b2dd092ca39c1cf7",
                "sha256:e1cf59446890a00105fe7b7912492ea04b6e6f06d4b742b2c788469e34c82970"
            ],
            "index": "pypi",
            "version": "==5.2.0"
        },
        "greenlet": {
            "hashes": [
                "sha256:03a8f4f3430c3b3ff8d10a2a86028c660355ab637cee9333d63d66b56f09d52a",
                "sha256:0bf60faf0bc2468089bdc5edd10555bab6e85152191df713e2ab1fcc86382b5a",
                "sha256:18a7f18b82b52ee85322d7a7874e676f34ab319b9f8cce5de06067384aa8ff43",
                "sha256:18e98fb3de7dba1c0a852731c3070cf022d14f0d68b4c87a19cc1016f3bb8b33",
                "sha256:1a819eef4b0e0b96bb0d98d797bef17dc1b4a10e8d7446be32d1da33e095dbb8",
                "sha256:26fbfce90728d82bc9e6c38ea4d038cba20b7faf8a0ca53a9c07b67318d46088",
                "sha256:2780572ec463d44c1d3ae850239508dbeb9fed38e294c68d19a24d925d9223ca",
                "sha256:283737e0da3f08bd637b5ad058507e578dd462db259f7f6e4c5c365ba4ee9343",
                "sha256:2d4686f195e32d36b4d7cf2d166857dbd0ee9f3d20ae349b6bf8afc8485b3645",
                "sha256:2dd11f291565a81d71dab10b7033395b7a3a5456e637cf997a6f33ebdf06f8db",
                "sha256:30bcf80dda7f15ac77ba5af2b961bdd9dbc77fd4ac6105cee85b0d0a5fcf74df",
                "sha256:32e5b64b148966d9cccc2c8d35a671409e45f195864560829f395a54226408d3",
                "sha256:36abbf031e1c0f79dd5d596bfaf8e921c41df2bdf54ee1eed921ce1f52999a86",
                "sha256:3a06ad5312349fec0ab944664b01d26f8d1f05009566339ac6f63f56589bc1a2",
                "sha256:3a51c9751078733d88e013587b108f1b7a1fb106d402fb390740f002b6f6551a",
                "sha256:3c9b12575734155d0c09d6c3e10dbd81665d5c18e1a7c6597df72fd05990c8cf",
                "sha256:3f6ea9bd35eb450837a3d80e77b517ea5bc56b4647f5502cd28de13675ee12f7",
                "sha256:4b58adb399c4d61d912c4c331984d60eb66565175cdf4a34792cd9600f21b394",
                "sha256:4d2e11331fc0c02b6e84b0d28ece3a36e0548ee1a1ce9ddde03752d9b79bba40",
                "sha256:5454276c07d27a740c5892f4907c86327b632127dd9abec42ee62e12427ff7e3",
                "sha256:561091a7be172ab497a3527602d467e2b3fbe75f9e783d8b8ce403fa414f71a6",
                "sha256:6c3acb79b0bfd4fe733dff8bc62695283b57949ebcca05ae5c129eb606ff2d74",
                "sha256:703f18f3fda276b9a916f0934d2fb6d989bf0b4fb5a64825260eb9bfd52d78f0",
                "sha256:7492e2b7bd7c9b9916388d9df23fa49d9b88ac0640db0a5b4ecc2b653bf451e3",
                "sha256:76ae285c8104046b3a7f06b42f29c7b73f77683df18c49ab5af7983994c2dd91",
                "sha256:7cafd1208fdbe93b67c7086876f061f660cfddc44f404279c1585bbf3cdc64c5",
                "sha256:7efde645ca1cc441d6dc4b48c0f7101e8d86b54c8530141b09fd31cef5149ec9",
                "sha256:88d9ab96491d38a5ab7c56dd7a3cc37d83336ecc564e4e8816dbed12e5aaefc8",
                "sha256:8eab883b3b2a38cc1e050819ef06a7e6344d4a990d24d45bc6f2cf959045a45b",
                "sha256:910841381caba4f744a44bf81bfd573c94e10b3045ee00de0cbf436fe50673a6",
                "sha256:9190f09060ea4debddd24665d6804b995a9c122ef5917ab26e1566dcc712ceeb",
                "sha256:937e9020b514ceedb9c830c55d5c9872abc90f4b5862f89c0887033ae33c6f73",
                "sha256:94c817e84245513926588caf1152e3b559ff794d505555211ca041f032abbb6b",
                "sha256:971ce5e14dc5e73715755d0ca2975ac88cfdaefcaab078a284fea6cfabf866df",
                "sha256:9d14b83fab60d5e8abe587d51c75b252bcc21683f24699ada8fb275d7712f5a9",
                "sha256:9f35ec95538f50292f6d8f2c9c9f8a3c6540bbfec21c9e5b4b751e0a7c20864f",
                "sha256:a1846f1b999e78e13837c93c778dcfc3365902cfb8d1bdb7dd73ead37059f0d0",
                "sha256:acd2162a36d3de67ee896c43effcd5ee3de247eb00354db411feb025aa319857",
                "sha256:b0ef99cdbe2b682b9ccbb964743a6aca37905fda5e0452e5ee239b1654d37f2a",
                "sha256:b80f600eddddce72320dbbc8e3784d16bd3fb7b517e82476d8da921f27d4b249",
                "sha256:b864ba53912b6c3ab6bcb2beb19f19edd01a6bfcbdfe1f37ddd1778abfe75a30",
                "sha256:b9ec052b06a0524f0e35bd8790686a1da006bd911dd1ef7d50b77bfbad74e292",
                "sha256:ba2956617f1c42598a308a84c6cf021a90ff3862eddafd20c3333d50f0edb45b",
                "sha256:bdfea8c661e80d3c1c99ad7c3ff74e6e87184895bbaca6ee8cc61209f8b9b85d",
                "sha256:be4ed120b52ae4d974aa40215fcdfde9194d63541c7ded40ee12eb4dda57b76b",
                "sha256:c4302695ad8027363e96311df24ee28978162cdcdd2006476c43970b384a244c",
                "sha256:c48f54ef8e05f04d6eff74b8233f6063cb1ed960243eacc474ee73a2ea8573ca",
                "sha256:c9c59a2120b55788e800d82dfa99b9e156ff8f2227f07c5e3012a45a399620b7",
                "sha256:cd021c754b162c0fb55ad5d6b9d960db667faad0fa2ff25bb6e1301b0b6e6a75",
                "sha256:d27ec7509b9c18b6d73f2f5ede2622441de812e7b1a80bbd446cb0633bd3d5ae",
                "sha256:d5508f0b173e6aa47273bdc0a0b5ba055b59662ba7c7ee5119528f466585526b",
                "sha256:d75209eed723105f9596807495d58d10b3470fa6732dd6756595e89925ce2470",
                "sha256:db1a39669102a1d8d12b57de2bb7e2ec9066a6f2b3da35ae511ff93b01b5d564",
                "sha256:dbfcfc0218093a19c252ca8eb9aee3d29cfdcb586df21049b9d777fd32c14fd9",
                "sha256:e0f72c9ddb8cd28532185f54cc1453f2c16fb417a08b53a855c4e6a418edd099",
                "sha256:e7c8dc13af7db097bed64a051d2dd49e9f0af495c26995c00a9ee842690d34c0",
                "sha256:ea9872c80c132f4663822dd2a08d404073a5a9b5ba6155bea72fb2a79d1093b5",
                "sha256:eff4eb9b7eb3e4d0cae3d28c283dc16d9bed6b193c2e1ace3ed86ce48ea8df19",
                "sha256:f82d4d717d8ef19188687aa32b8363e96062911e63ba22a0cff7802a8e58e5f1",
                "sha256:fc3a569657468b6f3fb60587e48356fe512c1754ca05a564f11366ac9e306526"
            ],
            "markers": "python_version >= '3'",
            "version": "==2.0.2"
        },
        "pycryptodome": {
            "hashes": [
                "sha256:01489bbdf709d993f3058e2996f8f40fee3f0ea4d995002e5968965fa2fe89fb",
                "sha256:10da29526a2a927c7d64b8f34592f461d92ae55fc97981aab5bbcde8cb465bb6",
                "sha256:12600268763e6fec3cefe4c2dcdf79bde08d0b6dc1813887e789e495cb9f3403",
                "sha256:157c9b5ba5e21b375f052ca78152dd309a09ed04703fd3721dce3ff8ecced148",
                "sha256:16bfd98dbe472c263ed2821284118d899c76968db1a6665ade0c46805e6b29a4",
                "sha256:363dd6f21f848301c2dcdeb3c8ae5f0dee2286a5e952a0f04954b82076f23825",
                "sha256:3811e31e1ac3069988f7a1c9ee7331b942e605dfc0f27330a9ea5997e965efb2",
                "sha256:422c89fd8df8a3bee09fb8d52aaa1e996120eafa565437392b781abec2a56e14",
                "sha256:4604816adebd4faf8810782f137f8426bf45fee97d8427fa8e1e49ea78a52e2c",
                "sha256:4944defabe2ace4803f99543445c27dd1edbe86d7d4edb87b256476a91e9ffa4",
                "sha256:51eae079ddb9c5f10376b4131be9589a6554f6fd84f7f655180937f611cd99a2",
                "sha256:53aee6be8b9b6da25ccd9028caf17dcdce3604f2c7862f5167777b707fbfb6cb",
                "sha256:62a1e8847fabb5213ccde38915563140a5b338f0d0a0d363f996b51e4a6165cf",
                "sha256:6f4b967bb11baea9128ec88c3d02f55a3e338361f5e4934f5240afcb667fdaec",
                "sha256:78d863476e6bad2a592645072cc489bb90320972115d8995bcfbee2f8b209918",
                "sha256:795bd1e4258a2c689c0b1f13ce9684fa0dd4c0e08680dcf597cf9516ed6bc0f3",
                "sha256:7a3d22c8ee63de22336679e021c7f2386f7fc465477d59675caa0e5706387944",
                "sha256:83c75952dcf4a4cebaa850fa257d7a860644c70a7cd54262c237c9f2be26f76e",
                "sha256:928078c530da78ff08e10eb6cada6e0dff386bf3d9fa9871b4bbc9fbc1efe024",
                "sha256:957b221d062d5752716923d14e0926f47670e95fead9d240fa4d4862214b9b2f",
                "sha256:9ad6f09f670c466aac94a40798e0e8d1ef2aa04589c29faa5b9b97566611d1d1",
                "sha256:9c8eda4f260072f7dbe42f473906c659dcbadd5ae6159dfb49af4da1293ae380",
                "sha256:b1d9701d10303eec8d0bd33fa54d44e67b8be74ab449052a8372f12a66f93fb9",
                "sha256:b6a610f8bfe67eab980d6236fdc73bfcdae23c9ed5548192bb2d530e8a92780e",
                "sha256:c9adee653fc882d98956e33ca2c1fb582e23a8af7ac82fee75bd6113c55a0413",
                "sha256:cb1be4d5af7f355e7d41d36d8eec156ef1382a88638e8032215c215b82a4b8ec",
                "sha256:d1497a8cd4728db0e0da3c304856cb37c0c4e3d0b36fcbabcc1600f18504fc54",
                "sha256:d20082bdac9218649f6abe0b885927be25a917e29ae0502eaf2b53f1233ce0c2",
                "sha256:e8ad74044e5f5d2456c11ed4cfd3e34b8d4898c0cb201c4038fe41458a82ea27",
                "sha256:f022a4fd2a5263a5c483a2bb165f9cb27f2be06f2f477113783efe3fe2ad887b",
                "sha256:f21efb8438971aa16924790e1c3dba3a33164eb4000106a55baaed522c261acf",
                "sha256:fc0a73f4db1e31d4a6d71b672a48f3af458f548059aa05e83022d5f61aac9c08"
            ],
            "index": "pypi",
            "version": "==3.18.0"
        },
        "pyqt5": {
            "hashes": [
                "sha256:883ba5c8a348be78c8be6a3d3ba014c798e679503bce00d76c666c2dc6afe828",
                "sha256:dc41e8401a90dc3e2b692b411bd5492ab559ae27a27424eed4bd3915564ec4c0",
                "sha256:dd5ce10e79fbf1df29507d2daf99270f2057cdd25e4de6fbf2052b46c652e3a5",
                "sha256:e030d795df4cbbfcf4f38b18e2e119bcc9e177ef658a5094b87bb16cac0ce4c5",
                "sha256:e45c5cc15d4fd26ab5cb0e5cdba60691a3e9086411f8e3662db07a5a4222a696"
            ],
            "index": "pypi",
            "version": "==5.15.9"
        },
        "pyqt5-qt5": {
            "hashes": [
                "sha256:1988f364ec8caf87a6ee5d5a3a5210d57539988bf8e84714c7d60972692e2f4a",
                "sha256:750b78e4dba6bdf1607febedc08738e318ea09e9b10aea9ff0d73073f11f6962",
                "sha256:76980cd3d7ae87e3c7a33bfebfaee84448fd650bad6840471d6cae199b56e154",
                "sha256:9cc7a768b1921f4b982ebc00a318ccb38578e44e45316c7a4a850e953e1dd327"
            ],
            "version": "==5.15.2"
        },
        "pyqt5-sip": {
            "hashes": [
                "sha256:10d9bfa9f59f0fd1cad81be187479316ffc95684f573efea94512cb4257d2b17",
                "sha256:1cc49c8498c34649325d53bcd243c854391f828d9bab4f2f3afd3ee3451cab72",
                "sha256:23e983119f760dc6c1a1e6cb21fd4c268d14c4ee497de6da9ce2b9d46f9779b2",
                "sha256:26e75bc4ffd8e6b19ae96fe93dc135eb5aea03e4570724d4b3c40dbf36f3a2e6",
                "sha256:67eed70427d3291e5c52c349fb4619c57c9a8810ab8d78a142c00edcbfd20d3b",
                "sha256:6a65697aa0fdb66e20d7b1ef8adfacc1caf1e61655530920172bf3a2fb1148cd",
                "sha256:7050ad8f94370eb7e4caa022b7e6d8b2de615e0714b557ca2098c82c0132074a",
                "sha256:71795c177010e52109812b03ec919020461ec42a7d9d241a45fe6d708529b5a6",
                "sha256:761e018dbbc46daccdb01f8f0dcc0d055c76834d839f0343cbec4b0ecbbde512",
                "sha256:7e572c8104e75db2c69609d195daf44c7b965dcb1c5b48e30fc376868909be56",
                "sha256:7e640b7636d86271ba8969b260e1655068b44750f20801ebc80f49a1aa737bf9",
                "sha256:7f13e71f5171f30d8b4176c081f0203a43e1704746b4cdaa837477945177b2a0",
                "sha256:9d2b127ba5155bff452944b8a96ba06d7ec2161f48a2f9cc190425bfca94ab6b",
                "sha256:a88ce85176639723f04cf5ce59157ecf3a9faca5d5dd1fe82d5ef46a3bd1d102",
                "sha256:c8f6e7a697d0ddf754798988fae7b2a0da04f6a59fb13ae863e5d1da4b280c4f",
                "sha256:cb4523097f1ccabb95b3197a58278a40fc944b33791d3406bfa397e12303b6c6",
                "sha256:cf74db9a1542f66793ccc00e403c8c2c36c67c0cff0fb01d23fe71cc1c56c788",
                "sha256:d9548f353f17407d00f67d08c737de9f5c067352c3bdac8571492c614c2893eb",
                "sha256:de06b6bd8241a189f729b8c093ce5dcf5928489eb7748bda28e28324e57544b0",
                "sha256:e46d957fbeecaa1437f2dd715407b1e59e0918cc29382c7ea79784c5f3cbe0d2",
                "sha256:ed04bd0065d870912c1b0a4b34b8a78698c76d77f15474c3e841b0b6dd2f429f"
            ],
            "markers": "python_version >= '3.7'",
            "version": "==12.12.2"
        },
        "python-dotenv": {
            "hashes": [
                "sha256:a8df96034aae6d2d50a4ebe8216326c61c3eb64836776504fcca410e5937a3ba",
                "sha256:f5971a9226b701070a4bf2c38c89e5a3f0d64de8debda981d1db98583009122a"
            ],
            "index": "pypi",
            "version": "==1.0.0"
        },
        "pyyaml": {
            "hashes": [
                "sha256:062582fca9fabdd2c8b54a3ef1c978d786e0f6b3a1510e0ac93ef59e0ddae2bc",
                "sha256:1635fd110e8d85d55237ab316b5b011de701ea0f29d07611174a1b42f1444741",
                "sha256:184c5108a2aca3c5b3d3bf9395d50893a7ab82a38004c8f61c258d4428e80206",
                "sha256:18aeb1bf9a78867dc38b259769503436b7c72f7a1f1f4c93ff9a17de54319b27",
                "sha256:1d4c7e777c441b20e32f52bd377e0c409713e8bb1386e1099c2415f26e479595",
                "sha256:1e2722cc9fbb45d9b87631ac70924c11d3a401b2d7f410cc0e3bbf249f2dca62",
                "sha256:1fe35611261b29bd1de0070f0b2f47cb6ff71fa6595c077e42bd0c419fa27b98",
                "sha256:28c119d996beec18c05208a8bd78cbe4007878c6dd15091efb73a30e90539696",
                "sha256:42f8152b8dbc4fe7d96729ec2b99c7097d656dc1213a3229ca5383f973a5ed6d",
                "sha256:4fb147e7a67ef577a588a0e2c17b6db51dda102c71de36f8549b6816a96e1867",
                "sha256:50550eb667afee136e9a77d6dc71ae76a44df8b3e51e41b77f6de2932bfe0f47",
                "sha256:510c9deebc5c0225e8c96813043e62b680ba2f9c50a08d3724c7f28a747d1486",
                "sha256:5773183b6446b2c99bb77e77595dd486303b4faab2b086e7b17bc6bef28865f6",
                "sha256:596106435fa6ad000c2991a98fa58eeb8656ef2325d7e158344fb33864ed87e3",
                "sha256:6965a7bc3cf88e5a1c3bd2e0b5c22f8d677dc88a455344035f03399034eb3007",
                "sha256:69b023b2b4daa7548bcfbd4aa3da05b3a74b772db9e23b982788168117739938",
                "sha256:704219a11b772aea0d8ecd7058d0082713c3562b4e271b849ad7dc4a5c90c13c",
                "sha256:7e07cbde391ba96ab58e532ff4803f79c4129397514e1413a7dc761ccd755735",
                "sha256:81e0b275a9ecc9c0c0c07b4b90ba548307583c125f54d5b6946cfee6360c733d",
                "sha256:9046c58c4395dff28dd494285c82ba00b546adfc7ef001486fbf0324bc174fba",
                "sha256:9eb6caa9a297fc2c2fb8862bc5370d0303ddba53ba97e71f08023b6cd73d16a8",
                "sha256:a0cd17c15d3bb3fa06978b4e8958dcdc6e0174ccea823003a106c7d4d7899ac5",
                "sha256:afd7e57eddb1a54f0f1a974bc4391af8bcce0b444685d936840f125cf046d5bd",
                "sha256:b1275ad35a5d18c62a7220633c913e1b42d44b46ee12554e5fd39c70a243d6a3",
                "sha256:b786eecbdf8499b9ca1d697215862083bd6d2a99965554781d0d8d1ad31e13a0",
                "sha256:ba336e390cd8e4d1739f42dfe9bb83a3cc2e80f567d8805e11b46f4a943f5515",
                "sha256:baa90d3f661d43131ca170712d903e6295d1f7a0f595074f151c0aed377c9b9c",
                "sha256:bc1bf2925a1ecd43da378f4db9e4f799775d6367bdb94671027b73b393a7c42c",
                "sha256:bd4af7373a854424dabd882decdc5579653d7868b8fb26dc7d0e99f823aa5924",
                "sha256:bf07ee2fef7014951eeb99f56f39c9bb4af143d8aa3c21b1677805985307da34",
                "sha256:bfdf460b1736c775f2ba9f6a92bca30bc2095067b8a9d77876d1fad6cc3b4a43",
                "sha256:c8098ddcc2a85b61647b2590f825f3db38891662cfc2fc776415143f599bb859",
                "sha256:d2b04aac4d386b172d5b9692e2d2da8de7bfb6c387fa4f801fbf6fb2e6ba4673",
                "sha256:d858aa552c999bc8a8d57426ed01e40bef403cd8ccdd0fc5f6f04a00414cac2a",
                "sha256:f003ed9ad21d6a4713f0a9b5a7a0a79e08dd0f221aff4525a2be4c346ee60aab",
                "sha256:f22ac1c3cac4dbc50079e965eba2c1058622631e526bd9afd45fedd49ba781fa",
                "sha256:faca3bdcf85b2fc05d06ff3fbc1f83e1391b3e724afa3feba7d13eeab355484c",
                "sha256:fca0e3a251908a499833aa292323f32437106001d436eca0e6e7833256674585",
                "sha256:fd1592b3fdf65fff2ad0004b5e363300ef59ced41c2e6b3a99d4089fa8c5435d",
                "sha256:fd66fc5d0da6d9815ba2cebeb4205f95818ff4b79c3ebe268e75d961704af52f"
            ],
            "index": "pypi",
            "version": "==6.0.1"
        },
        "sqlalchemy": {
            "hashes": [
                "sha256:02a77eef48da7a5239c003a18afa05c964f1e3001cb2039f69b912b0e0d69c61",
                "sha256:0b77e40d63147cd322307a10905f2690661acaa6f21eb1168a6e6de144c97a12",
                "sha256:1293cbcaf556f3de5a3eb143012e830a7d78952796f5ba9d2a8286d808e158f1",
                "sha256:1373b38a8bba90b54f21ff6b8ec7561d7e4fcc44a1fd70a845ece1014b554f9b",
                "sha256:308968eb85969ca3025452cebff7e3d9af5f5c0771b6e19df3c68b1a3c6918ae",
                "sha256:364b3d46be78eeaa0efc8771d86bd4e66e0e24bc998610ae9b07ab0630a2e0f2",
                "sha256:38a50d4d657bd7aa5a8ddeb06eb4f099c29f9ca7b50295ea0f98793007d448b5",
                "sha256:441788cdc1617fe3e43565399c95098d54e91422a049df08acb3709854e7cec0",
                "sha256:506ff11bc52426bedb66618d10ec1e41c64667ee685fbffb6a3057e5d9513129",
                "sha256:56d33a788c427f29a54600374bb3e435331238e7551c1ce738da5186c20f6c68",
                "sha256:5beadd632440aa67f3cb3ec235246c3753f8b3d72b254ee5a87c1e87619952f4",
                "sha256:5f326c4264d2f1614f471b6f04e96522f7cc94843172e099bf2fb22079891c20",
                "sha256:682961ff4e9fcd9803ab3918c7f8c44ab4076566a0385606377723caf18c371a",
                "sha256:6a144c87df1eeeb604e20deb074b9252e7f63b5f528a61b7d9d509c2e67adfb0",
                "sha256:6fd3bfc212f68913fe42e9a7b5a39fb259e40e927fe5e813f27c6a692bd624e7",
                "sha256:7fdec39fe2495a1c833b917d7c0c8b9d06c0b1b91df74e45be7dc7af325a40fa",
                "sha256:8319413aaf11e777ed328a763038c85faf4ff4461a14c09f8c2bf5e46954ea8b",
                "sha256:90a8529f04f25051357fc149bc7815b515d018598ff6f1f91038dad665a7ac61",
                "sha256:9613ae722a818d231b47fe03c7ff60ce2cd9a54c7a3fb927db9e5df6683c438a",
                "sha256:9cfef2ad30c5ee1d494d98f3c55a9ac29ec6d294b70849c541d139e4fe1a74e6",
                "sha256:a595fe93ef2722c4877e1db80aabbe172b0af7846c61b2852388780a53203855",
                "sha256:a75ac5cdac68c10b71f00aff2f4179168abcf462e73d0289d806293b44abfce6",
                "sha256:b8bdfb73d07467f2e21e7ff3abc823d52f88b1e5c377fc14da625b30469350ab",
                "sha256:bc626e44fec23d9ea92aeecd2359720e8620c1f963c8e24bfdd27e757ed0548c",
                "sha256:bd73da5de31118a8130540297779d36bf4d7414c6cca8d7f769b1550dafce78d",
                "sha256:befa0b60b663fdbc1bb1bde60d3788ff5a64700f253f7981a22081f3b44239f2",
                "sha256:c101e9f57d8a67a4b613852d4a5ee850cd2e8b4791ddba2a90ced4dbc66e5fa2",
                "sha256:c272f0340a40d178461b2b54f27360289e063f70db495daa852c2f318fc00640",
                "sha256:ce33a952476f9100daa76fb8228fdc99ac11df3c316be2eb946ba31fbe845ba6",
                "sha256:dd940003b5724e7376dd627b13086798076c5bc124d562163224334854bdd0ca",
                "sha256:ddb17736fc2999dc4e550f02e05add7a2197668cde059269b23989d8730ef71a",
                "sha256:e04efa8dd75b9bfc16a6bc174e715678c6e99f52c633eccef76e156e408a5432",
                "sha256:e7902051dc747cc96b552230464ddb2c96407e7f07680c71c1923dca2f3a6d9d",
                "sha256:faad6bcbc1af9dfb2b2e02be988f992989d99e3eae0c5b21fce818d47aab5181"
            ],
            "index": "pypi",
            "version": "==1.4"
        },
        "tabulate": {
            "hashes": [
                "sha256:0095b12bf5966de529c0feb1fa08671671b3368eec77d7ef7ab114be2c068b3c",
                "sha256:024ca478df22e9340661486f85298cff5f6dcdba14f3813e8830015b9ed1948f"
            ],
            "index": "pypi",
            "version": "==0.9.0"
        }
    },
    "develop": {}
}
